
Microsoft Visual Studio Solution File, Format Version 12.00
# Visual Studio 2012
Project("{2150E333-8FDC-42A3-9474-1A3956D46DE8}") = "Solution Items", "Solution Items", "{0508F03A-1A22-465C-A008-7A73DED39A52}"
	ProjectSection(SolutionItems) = preProject
		GlobalAssemblyInfo.cs = GlobalAssemblyInfo.cs
	EndProjectSection
EndProject
Project("{FAE04EC0-301F-11D3-BF4B-00C04F79EFBC}") = "Weather.Web", "Weather.Web\Weather.Web.csproj", "{1615FB82-9E86-4517-9094-A6C9D83A892A}"
EndProject
Project("{FAE04EC0-301F-11D3-BF4B-00C04F79EFBC}") = "Weather.Web.Tests", "Weather.Web.Tests\Weather.Web.Tests.csproj", "{CD5306A7-2364-4846-B163-E8DDC2367A26}"
EndProject
Project("{FAE04EC0-301F-11D3-BF4B-00C04F79EFBC}") = "Weather.Services", "Weather.Services\Weather.Services.csproj", "{88706A43-0544-4444-AAB9-F798EB90679F}"
EndProject
Project("{FAE04EC0-301F-11D3-BF4B-00C04F79EFBC}") = "Weather", "Weather\Weather.csproj", "{60293F39-D94C-496B-AD67-1BEFCBA01DC3}"
EndProject
Project("{2150E333-8FDC-42A3-9474-1A3956D46DE8}") = "Silverlight", "Silverlight", "{00FEBE3E-9615-40F1-AB6B-D4D4CDA39DEA}"
EndProject
Project("{FAE04EC0-301F-11D3-BF4B-00C04F79EFBC}") = "Weather", "Silverlight\Weather\Weather.csproj", "{F5EC5BF3-8FD5-438F-9A4B-73319324E912}"
EndProject
Project("{FAE04EC0-301F-11D3-BF4B-00C04F79EFBC}") = "Weather.Services", "Silverlight\Weather.Services\Weather.Services.csproj", "{463ED21F-C314-4869-9A1F-D2A602BE778E}"
EndProject
Project("{FAE04EC0-301F-11D3-BF4B-00C04F79EFBC}") = "Weather.Windows", "Silverlight\Weather.Windows\Weather.Windows.csproj", "{01171449-D68D-4B89-9A89-05B95F85F749}"
EndProject
Project("{FAE04EC0-301F-11D3-BF4B-00C04F79EFBC}") = "data", "data\data.csproj", "{DA6D70F4-445B-44F2-8C25-25E436713327}"
EndProject
Project("{2150E333-8FDC-42A3-9474-1A3956D46DE8}") = "Bin", "Bin", "{D714FD2E-7CD8-4EBB-8C53-A3DF866C117F}"
	ProjectSection(SolutionItems) = preProject
		Bin\App.Data.MySqlClient.dll = Bin\App.Data.MySqlClient.dll
		Bin\App.dll = Bin\App.dll
		Bin\App.Services.dll = Bin\App.Services.dll
		Bin\MySql.Data.dll = Bin\MySql.Data.dll
		Bin\tools.exe = Bin\tools.exe
		Bin\tools.exe.config = Bin\tools.exe.config
	EndProjectSection
EndProject
Global
	GlobalSection(SolutionConfigurationPlatforms) = preSolution
		Debug|Any CPU = Debug|Any CPU
		Release|Any CPU = Release|Any CPU
		test|Any CPU = test|Any CPU
	EndGlobalSection
	GlobalSection(ProjectConfigurationPlatforms) = postSolution
		{1615FB82-9E86-4517-9094-A6C9D83A892A}.Debug|Any CPU.ActiveCfg = Debug|Any CPU
		{1615FB82-9E86-4517-9094-A6C9D83A892A}.Debug|Any CPU.Build.0 = Debug|Any CPU
		{1615FB82-9E86-4517-9094-A6C9D83A892A}.Release|Any CPU.ActiveCfg = Release|Any CPU
		{1615FB82-9E86-4517-9094-A6C9D83A892A}.Release|Any CPU.Build.0 = Release|Any CPU
		{1615FB82-9E86-4517-9094-A6C9D83A892A}.test|Any CPU.ActiveCfg = Release|Any CPU
		{1615FB82-9E86-4517-9094-A6C9D83A892A}.test|Any CPU.Build.0 = Release|Any CPU
		{CD5306A7-2364-4846-B163-E8DDC2367A26}.Debug|Any CPU.ActiveCfg = Debug|Any CPU
		{CD5306A7-2364-4846-B163-E8DDC2367A26}.Debug|Any CPU.Build.0 = Debug|Any CPU
		{CD5306A7-2364-4846-B163-E8DDC2367A26}.Release|Any CPU.ActiveCfg = Release|Any CPU
		{CD5306A7-2364-4846-B163-E8DDC2367A26}.Release|Any CPU.Build.0 = Release|Any CPU
		{CD5306A7-2364-4846-B163-E8DDC2367A26}.test|Any CPU.ActiveCfg = Release|Any CPU
		{CD5306A7-2364-4846-B163-E8DDC2367A26}.test|Any CPU.Build.0 = Release|Any CPU
		{88706A43-0544-4444-AAB9-F798EB90679F}.Debug|Any CPU.ActiveCfg = Debug|Any CPU
		{88706A43-0544-4444-AAB9-F798EB90679F}.Debug|Any CPU.Build.0 = Debug|Any CPU
		{88706A43-0544-4444-AAB9-F798EB90679F}.Release|Any CPU.ActiveCfg = Release|Any CPU
		{88706A43-0544-4444-AAB9-F798EB90679F}.Release|Any CPU.Build.0 = Release|Any CPU
		{88706A43-0544-4444-AAB9-F798EB90679F}.test|Any CPU.ActiveCfg = Release|Any CPU
		{88706A43-0544-4444-AAB9-F798EB90679F}.test|Any CPU.Build.0 = Release|Any CPU
		{60293F39-D94C-496B-AD67-1BEFCBA01DC3}.Debug|Any CPU.ActiveCfg = Debug|Any CPU
		{60293F39-D94C-496B-AD67-1BEFCBA01DC3}.Debug|Any CPU.Build.0 = Debug|Any CPU
		{60293F39-D94C-496B-AD67-1BEFCBA01DC3}.Release|Any CPU.ActiveCfg = Release|Any CPU
		{60293F39-D94C-496B-AD67-1BEFCBA01DC3}.Release|Any CPU.Build.0 = Release|Any CPU
		{60293F39-D94C-496B-AD67-1BEFCBA01DC3}.test|Any CPU.ActiveCfg = Release|Any CPU
		{60293F39-D94C-496B-AD67-1BEFCBA01DC3}.test|Any CPU.Build.0 = Release|Any CPU
		{F5EC5BF3-8FD5-438F-9A4B-73319324E912}.Debug|Any CPU.ActiveCfg = Debug|Any CPU
		{F5EC5BF3-8FD5-438F-9A4B-73319324E912}.Debug|Any CPU.Build.0 = Debug|Any CPU
		{F5EC5BF3-8FD5-438F-9A4B-73319324E912}.Release|Any CPU.ActiveCfg = Release|Any CPU
		{F5EC5BF3-8FD5-438F-9A4B-73319324E912}.Release|Any CPU.Build.0 = Release|Any CPU
		{F5EC5BF3-8FD5-438F-9A4B-73319324E912}.test|Any CPU.ActiveCfg = Release|Any CPU
		{F5EC5BF3-8FD5-438F-9A4B-73319324E912}.test|Any CPU.Build.0 = Release|Any CPU
		{463ED21F-C314-4869-9A1F-D2A602BE778E}.Debug|Any CPU.ActiveCfg = Debug|Any CPU
		{463ED21F-C314-4869-9A1F-D2A602BE778E}.Debug|Any CPU.Build.0 = Debug|Any CPU
		{463ED21F-C314-4869-9A1F-D2A602BE778E}.Release|Any CPU.ActiveCfg = Release|Any CPU
		{463ED21F-C314-4869-9A1F-D2A602BE778E}.Release|Any CPU.Build.0 = Release|Any CPU
		{463ED21F-C314-4869-9A1F-D2A602BE778E}.test|Any CPU.ActiveCfg = Release|Any CPU
		{463ED21F-C314-4869-9A1F-D2A602BE778E}.test|Any CPU.Build.0 = Release|Any CPU
		{01171449-D68D-4B89-9A89-05B95F85F749}.Debug|Any CPU.ActiveCfg = Debug|Any CPU
		{01171449-D68D-4B89-9A89-05B95F85F749}.Debug|Any CPU.Build.0 = Debug|Any CPU
		{01171449-D68D-4B89-9A89-05B95F85F749}.Release|Any CPU.ActiveCfg = Release|Any CPU
		{01171449-D68D-4B89-9A89-05B95F85F749}.Release|Any CPU.Build.0 = Release|Any CPU
		{01171449-D68D-4B89-9A89-05B95F85F749}.test|Any CPU.ActiveCfg = Release|Any CPU
		{01171449-D68D-4B89-9A89-05B95F85F749}.test|Any CPU.Build.0 = Release|Any CPU
		{DA6D70F4-445B-44F2-8C25-25E436713327}.Debug|Any CPU.ActiveCfg = Debug|Any CPU
		{DA6D70F4-445B-44F2-8C25-25E436713327}.Debug|Any CPU.Build.0 = Debug|Any CPU
		{DA6D70F4-445B-44F2-8C25-25E436713327}.Release|Any CPU.ActiveCfg = Release|Any CPU
		{DA6D70F4-445B-44F2-8C25-25E436713327}.Release|Any CPU.Build.0 = Release|Any CPU
		{DA6D70F4-445B-44F2-8C25-25E436713327}.test|Any CPU.ActiveCfg = test|Any CPU
		{DA6D70F4-445B-44F2-8C25-25E436713327}.test|Any CPU.Build.0 = test|Any CPU
	EndGlobalSection
	GlobalSection(SolutionProperties) = preSolution
		HideSolutionNode = FALSE
	EndGlobalSection
	GlobalSection(NestedProjects) = preSolution
		{F5EC5BF3-8FD5-438F-9A4B-73319324E912} = {00FEBE3E-9615-40F1-AB6B-D4D4CDA39DEA}
		{463ED21F-C314-4869-9A1F-D2A602BE778E} = {00FEBE3E-9615-40F1-AB6B-D4D4CDA39DEA}
		{01171449-D68D-4B89-9A89-05B95F85F749} = {00FEBE3E-9615-40F1-AB6B-D4D4CDA39DEA}
	EndGlobalSection
EndGlobal
